
Microsoft Visual Studio Solution File, Format Version 12.00
# Visual Studio Version 17
VisualStudioVersion = 17.2.32630.192
MinimumVisualStudioVersion = 10.0.40219.1
Project("{FAE04EC0-301F-11D3-BF4B-00C04F79EFBC}") = "VetorEemplo", "VetorEemplo\VetorEemplo.csproj", "{A10C38EA-E355-4B02-8981-A4087EDD68D5}"
EndProject
Project("{FAE04EC0-301F-11D3-BF4B-00C04F79EFBC}") = "CadastroJogos", "CadastroJogos\CadastroJogos.csproj", "{F98CE547-A419-43F9-ACE2-3A7EA3787B9A}"
EndProject
Global
	GlobalSection(SolutionConfigurationPlatforms) = preSolution
		Debug|Any CPU = Debug|Any CPU
		Release|Any CPU = Release|Any CPU
	EndGlobalSection
	GlobalSection(ProjectConfigurationPlatforms) = postSolution
		{A10C38EA-E355-4B02-8981-A4087EDD68D5}.Debug|Any CPU.ActiveCfg = Debug|Any CPU
		{A10C38EA-E355-4B02-8981-A4087EDD68D5}.Debug|Any CPU.Build.0 = Debug|Any CPU
		{A10C38EA-E355-4B02-8981-A4087EDD68D5}.Release|Any CPU.ActiveCfg = Release|Any CPU
		{A10C38EA-E355-4B02-8981-A4087EDD68D5}.Release|Any CPU.Build.0 = Release|Any CPU
		{F98CE547-A419-43F9-ACE2-3A7EA3787B9A}.Debug|Any CPU.ActiveCfg = Debug|Any CPU
		{F98CE547-A419-43F9-ACE2-3A7EA3787B9A}.Debug|Any CPU.Build.0 = Debug|Any CPU
		{F98CE547-A419-43F9-ACE2-3A7EA3787B9A}.Release|Any CPU.ActiveCfg = Release|Any CPU
		{F98CE547-A419-43F9-ACE2-3A7EA3787B9A}.Release|Any CPU.Build.0 = Release|Any CPU
	EndGlobalSection
	GlobalSection(SolutionProperties) = preSolution
		HideSolutionNode = FALSE
	EndGlobalSection
	GlobalSection(ExtensibilityGlobals) = postSolution
		SolutionGuid = {EB905C91-5B17-4BBA-8B5C-F02C8410DC5C}
	EndGlobalSection
EndGlobal
